
Microsoft Visual Studio Solution File, Format Version 12.00
# Visual Studio Version 17
VisualStudioVersion = 17.7.34018.315
MinimumVisualStudioVersion = 10.0.40219.1
Project("{FAE04EC0-301F-11D3-BF4B-00C04F79EFBC}") = "Popova", "Popova\Popova.csproj", "{5006649E-9F53-4442-9C4D-3E25FAF057BA}"
EndProject
Global
	GlobalSection(SolutionConfigurationPlatforms) = preSolution
		Debug|Any CPU = Debug|Any CPU
		Release|Any CPU = Release|Any CPU
	EndGlobalSection
	GlobalSection(ProjectConfigurationPlatforms) = postSolution
		{5006649E-9F53-4442-9C4D-3E25FAF057BA}.Debug|Any CPU.ActiveCfg = Debug|Any CPU
		{5006649E-9F53-4442-9C4D-3E25FAF057BA}.Debug|Any CPU.Build.0 = Debug|Any CPU
		{5006649E-9F53-4442-9C4D-3E25FAF057BA}.Release|Any CPU.ActiveCfg = Release|Any CPU
		{5006649E-9F53-4442-9C4D-3E25FAF057BA}.Release|Any CPU.Build.0 = Release|Any CPU
	EndGlobalSection
	GlobalSection(SolutionProperties) = preSolution
		HideSolutionNode = FALSE
	EndGlobalSection
	GlobalSection(ExtensibilityGlobals) = postSolution
		SolutionGuid = {480E7F07-4474-4A68-B92B-BF6917A6B1D9}
	EndGlobalSection
EndGlobal
